
Microsoft Visual Studio Solution File, Format Version 12.00
# Visual Studio Version 16
VisualStudioVersion = 16.0.810.21
MinimumVisualStudioVersion = 10.0.40219.1
Project("{FAE04EC0-301F-11D3-BF4B-00C04F79EFBC}") = "PalindromeCodingAssessment", "PalindromeCodingAssessment\PalindromeCodingAssessment.csproj", "{ED0CDB0D-9661-46E7-B1BC-D789C5DFA59F}"
EndProject
Global
	GlobalSection(SolutionConfigurationPlatforms) = preSolution
		Debug|Any CPU = Debug|Any CPU
		Release|Any CPU = Release|Any CPU
	EndGlobalSection
	GlobalSection(ProjectConfigurationPlatforms) = postSolution
		{ED0CDB0D-9661-46E7-B1BC-D789C5DFA59F}.Debug|Any CPU.ActiveCfg = Debug|Any CPU
		{ED0CDB0D-9661-46E7-B1BC-D789C5DFA59F}.Debug|Any CPU.Build.0 = Debug|Any CPU
		{ED0CDB0D-9661-46E7-B1BC-D789C5DFA59F}.Release|Any CPU.ActiveCfg = Release|Any CPU
		{ED0CDB0D-9661-46E7-B1BC-D789C5DFA59F}.Release|Any CPU.Build.0 = Release|Any CPU
	EndGlobalSection
	GlobalSection(SolutionProperties) = preSolution
		HideSolutionNode = FALSE
	EndGlobalSection
	GlobalSection(ExtensibilityGlobals) = postSolution
		SolutionGuid = {175316FE-CC84-49FE-8B6D-B09E18AB4258}
	EndGlobalSection
EndGlobal
